<Solution>
  <Configurations>
    <Platform Name="x64" />
    <Platform Name="x86" />
  </Configurations>
  <Folder Name="/새 폴더1/" />
  <Project Path="app01/app01.vcxproj" />
  <Project Path="app02/app02.vcxproj" />
  <Project Path="app03/app03.vcxproj" />
  <Project Path="app04/app04.vcxproj" />
  <Project Path="app05/app05.vcxproj" />
</Solution>
